
Microsoft Visual Studio Solution File, Format Version 12.00
# Visual Studio Version 17
VisualStudioVersion = 17.11.35312.102
MinimumVisualStudioVersion = 10.0.40219.1
Project("{FAE04EC0-301F-11D3-BF4B-00C04F79EFBC}") = "ImageProcessing", "ImageProcessing\ImageProcessing.csproj", "{2BAE5DB8-6DC8-492B-B911-EA26DF0FF2E1}"
EndProject
Global
	GlobalSection(SolutionConfigurationPlatforms) = preSolution
		Debug|Any CPU = Debug|Any CPU
		Release|Any CPU = Release|Any CPU
	EndGlobalSection
	GlobalSection(ProjectConfigurationPlatforms) = postSolution
		{2BAE5DB8-6DC8-492B-B911-EA26DF0FF2E1}.Debug|Any CPU.ActiveCfg = Debug|Any CPU
		{2BAE5DB8-6DC8-492B-B911-EA26DF0FF2E1}.Debug|Any CPU.Build.0 = Debug|Any CPU
		{2BAE5DB8-6DC8-492B-B911-EA26DF0FF2E1}.Release|Any CPU.ActiveCfg = Release|Any CPU
		{2BAE5DB8-6DC8-492B-B911-EA26DF0FF2E1}.Release|Any CPU.Build.0 = Release|Any CPU
	EndGlobalSection
	GlobalSection(SolutionProperties) = preSolution
		HideSolutionNode = FALSE
	EndGlobalSection
	GlobalSection(ExtensibilityGlobals) = postSolution
		SolutionGuid = {2D1E21CD-3F12-4E3D-A2B5-EAD54D8F102D}
	EndGlobalSection
EndGlobal
